
Microsoft Visual Studio Solution File, Format Version 12.00
# Visual Studio Version 17
VisualStudioVersion = 17.8.34408.163
MinimumVisualStudioVersion = 10.0.40219.1
Project("{FAE04EC0-301F-11D3-BF4B-00C04F79EFBC}") = "2122355", "2122355\2122355.csproj", "{557C42F8-4B5C-4660-8B56-B2A9EF68F4BA}"
EndProject
Project("{FAE04EC0-301F-11D3-BF4B-00C04F79EFBC}") = "Bai 2", "Bai 2\Bai 2.csproj", "{0EB68799-752C-4ECB-89FE-0CB65A365626}"
EndProject
Global
	GlobalSection(SolutionConfigurationPlatforms) = preSolution
		Debug|Any CPU = Debug|Any CPU
		Release|Any CPU = Release|Any CPU
	EndGlobalSection
	GlobalSection(ProjectConfigurationPlatforms) = postSolution
		{557C42F8-4B5C-4660-8B56-B2A9EF68F4BA}.Debug|Any CPU.ActiveCfg = Debug|Any CPU
		{557C42F8-4B5C-4660-8B56-B2A9EF68F4BA}.Debug|Any CPU.Build.0 = Debug|Any CPU
		{557C42F8-4B5C-4660-8B56-B2A9EF68F4BA}.Release|Any CPU.ActiveCfg = Release|Any CPU
		{557C42F8-4B5C-4660-8B56-B2A9EF68F4BA}.Release|Any CPU.Build.0 = Release|Any CPU
		{0EB68799-752C-4ECB-89FE-0CB65A365626}.Debug|Any CPU.ActiveCfg = Debug|Any CPU
		{0EB68799-752C-4ECB-89FE-0CB65A365626}.Debug|Any CPU.Build.0 = Debug|Any CPU
		{0EB68799-752C-4ECB-89FE-0CB65A365626}.Release|Any CPU.ActiveCfg = Release|Any CPU
		{0EB68799-752C-4ECB-89FE-0CB65A365626}.Release|Any CPU.Build.0 = Release|Any CPU
	EndGlobalSection
	GlobalSection(SolutionProperties) = preSolution
		HideSolutionNode = FALSE
	EndGlobalSection
	GlobalSection(ExtensibilityGlobals) = postSolution
		SolutionGuid = {2DC190F8-F2D6-423F-BE27-269DF5E03C57}
	EndGlobalSection
EndGlobal
